
Microsoft Visual Studio Solution File, Format Version 12.00
# Visual Studio Version 16
VisualStudioVersion = 16.0.32407.337
MinimumVisualStudioVersion = 10.0.40219.1
Project("{FAE04EC0-301F-11D3-BF4B-00C04F79EFBC}") = "ExceptionHandling", "ExceptionHandling\ExceptionHandling.csproj", "{D4BA0EA2-9814-4F56-B3DE-96CDEE9FCBF5}"
EndProject
Project("{FAE04EC0-301F-11D3-BF4B-00C04F79EFBC}") = "ExceptionHandling-Throw", "ExceptionHandling-Throw\ExceptionHandling-Throw.csproj", "{5CAB3C85-4337-422F-AF13-A8F006535AFF}"
EndProject
Global
	GlobalSection(SolutionConfigurationPlatforms) = preSolution
		Debug|Any CPU = Debug|Any CPU
		Release|Any CPU = Release|Any CPU
	EndGlobalSection
	GlobalSection(ProjectConfigurationPlatforms) = postSolution
		{D4BA0EA2-9814-4F56-B3DE-96CDEE9FCBF5}.Debug|Any CPU.ActiveCfg = Debug|Any CPU
		{D4BA0EA2-9814-4F56-B3DE-96CDEE9FCBF5}.Debug|Any CPU.Build.0 = Debug|Any CPU
		{D4BA0EA2-9814-4F56-B3DE-96CDEE9FCBF5}.Release|Any CPU.ActiveCfg = Release|Any CPU
		{D4BA0EA2-9814-4F56-B3DE-96CDEE9FCBF5}.Release|Any CPU.Build.0 = Release|Any CPU
		{5CAB3C85-4337-422F-AF13-A8F006535AFF}.Debug|Any CPU.ActiveCfg = Debug|Any CPU
		{5CAB3C85-4337-422F-AF13-A8F006535AFF}.Debug|Any CPU.Build.0 = Debug|Any CPU
		{5CAB3C85-4337-422F-AF13-A8F006535AFF}.Release|Any CPU.ActiveCfg = Release|Any CPU
		{5CAB3C85-4337-422F-AF13-A8F006535AFF}.Release|Any CPU.Build.0 = Release|Any CPU
	EndGlobalSection
	GlobalSection(SolutionProperties) = preSolution
		HideSolutionNode = FALSE
	EndGlobalSection
	GlobalSection(ExtensibilityGlobals) = postSolution
		SolutionGuid = {2B2CCCF4-E07B-4E73-8793-045012A647EE}
	EndGlobalSection
EndGlobal
